
Microsoft Visual Studio Solution File, Format Version 12.00
# Visual Studio Version 17
VisualStudioVersion = 17.3.32929.385
MinimumVisualStudioVersion = 10.0.40219.1
Project("{FAE04EC0-301F-11D3-BF4B-00C04F79EFBC}") = "Loops.Server", "Server\Loops.Server.csproj", "{9DC635F8-05E3-4655-854D-2D9C5E318CFF}"
EndProject
Project("{FAE04EC0-301F-11D3-BF4B-00C04F79EFBC}") = "Loops.Client", "Client\Loops.Client.csproj", "{A6E13F04-F14D-41C9-9BCC-98CFBA2D1E30}"
EndProject
Project("{FAE04EC0-301F-11D3-BF4B-00C04F79EFBC}") = "Loops.Shared", "Shared\Loops.Shared.csproj", "{1AAF545D-94AF-4DF5-9156-FDE7EDCBABEB}"
EndProject
Global
	GlobalSection(SolutionConfigurationPlatforms) = preSolution
		Debug|Any CPU = Debug|Any CPU
		Release|Any CPU = Release|Any CPU
	EndGlobalSection
	GlobalSection(ProjectConfigurationPlatforms) = postSolution
		{9DC635F8-05E3-4655-854D-2D9C5E318CFF}.Debug|Any CPU.ActiveCfg = Debug|Any CPU
		{9DC635F8-05E3-4655-854D-2D9C5E318CFF}.Debug|Any CPU.Build.0 = Debug|Any CPU
		{9DC635F8-05E3-4655-854D-2D9C5E318CFF}.Release|Any CPU.ActiveCfg = Release|Any CPU
		{9DC635F8-05E3-4655-854D-2D9C5E318CFF}.Release|Any CPU.Build.0 = Release|Any CPU
		{A6E13F04-F14D-41C9-9BCC-98CFBA2D1E30}.Debug|Any CPU.ActiveCfg = Debug|Any CPU
		{A6E13F04-F14D-41C9-9BCC-98CFBA2D1E30}.Debug|Any CPU.Build.0 = Debug|Any CPU
		{A6E13F04-F14D-41C9-9BCC-98CFBA2D1E30}.Release|Any CPU.ActiveCfg = Release|Any CPU
		{A6E13F04-F14D-41C9-9BCC-98CFBA2D1E30}.Release|Any CPU.Build.0 = Release|Any CPU
		{1AAF545D-94AF-4DF5-9156-FDE7EDCBABEB}.Debug|Any CPU.ActiveCfg = Debug|Any CPU
		{1AAF545D-94AF-4DF5-9156-FDE7EDCBABEB}.Debug|Any CPU.Build.0 = Debug|Any CPU
		{1AAF545D-94AF-4DF5-9156-FDE7EDCBABEB}.Release|Any CPU.ActiveCfg = Release|Any CPU
		{1AAF545D-94AF-4DF5-9156-FDE7EDCBABEB}.Release|Any CPU.Build.0 = Release|Any CPU
	EndGlobalSection
	GlobalSection(SolutionProperties) = preSolution
		HideSolutionNode = FALSE
	EndGlobalSection
	GlobalSection(ExtensibilityGlobals) = postSolution
		SolutionGuid = {A97AB170-9255-4EAB-97EC-C071C2A546AC}
	EndGlobalSection
EndGlobal
